
Microsoft Visual Studio Solution File, Format Version 12.00
# Visual Studio Version 17
VisualStudioVersion = 17.0.32126.317
MinimumVisualStudioVersion = 10.0.40219.1
Project("{FAE04EC0-301F-11D3-BF4B-00C04F79EFBC}") = "StackAndQueue", "StackAndQueue.csproj", "{48EFA311-7DE8-47A7-A82C-C79DB3FB57F1}"
EndProject
Global
	GlobalSection(SolutionConfigurationPlatforms) = preSolution
		Debug|Any CPU = Debug|Any CPU
		Release|Any CPU = Release|Any CPU
	EndGlobalSection
	GlobalSection(ProjectConfigurationPlatforms) = postSolution
		{48EFA311-7DE8-47A7-A82C-C79DB3FB57F1}.Debug|Any CPU.ActiveCfg = Debug|Any CPU
		{48EFA311-7DE8-47A7-A82C-C79DB3FB57F1}.Debug|Any CPU.Build.0 = Debug|Any CPU
		{48EFA311-7DE8-47A7-A82C-C79DB3FB57F1}.Release|Any CPU.ActiveCfg = Release|Any CPU
		{48EFA311-7DE8-47A7-A82C-C79DB3FB57F1}.Release|Any CPU.Build.0 = Release|Any CPU
	EndGlobalSection
	GlobalSection(SolutionProperties) = preSolution
		HideSolutionNode = FALSE
	EndGlobalSection
	GlobalSection(ExtensibilityGlobals) = postSolution
		SolutionGuid = {65A80CC3-2C3C-4ECF-AD65-C0B99645FF4F}
	EndGlobalSection
EndGlobal
